// !$*UTF8*$!
{
	archiveVersion = 1;
	classes = {
	};
	objectVersion = 56;
	objects = {

/* Begin PBXBuildFile section */
		C6B874052A2E593F00DA75F9 /* AppDelegate.swift in Sources */ = {isa = PBXBuildFile; fileRef = C6B874042A2E593F00DA75F9 /* AppDelegate.swift */; };
		C6B874072A2E593F00DA75F9 /* SceneDelegate.swift in Sources */ = {isa = PBXBuildFile; fileRef = C6B874062A2E593F00DA75F9 /* SceneDelegate.swift */; };
		C6B874092A2E593F00DA75F9 /* ViewController.swift in Sources */ = {isa = PBXBuildFile; fileRef = C6B874082A2E593F00DA75F9 /* ViewController.swift */; };
		C6B8740C2A2E593F00DA75F9 /* Main.storyboard in Resources */ = {isa = PBXBuildFile; fileRef = C6B8740A2A2E593F00DA75F9 /* Main.storyboard */; };
		C6B8740E2A2E594100DA75F9 /* Assets.xcassets in Resources */ = {isa = PBXBuildFile; fileRef = C6B8740D2A2E594100DA75F9 /* Assets.xcassets */; };
		C6B874112A2E594100DA75F9 /* LaunchScreen.storyboard in Resources */ = {isa = PBXBuildFile; fileRef = C6B8740F2A2E594100DA75F9 /* LaunchScreen.storyboard */; };
		C6B8741C2A2E594100DA75F9 /* MotoAppTests.swift in Sources */ = {isa = PBXBuildFile; fileRef = C6B8741B2A2E594100DA75F9 /* MotoAppTests.swift */; };
		C6B874262A2E594100DA75F9 /* MotoAppUITests.swift in Sources */ = {isa = PBXBuildFile; fileRef = C6B874252A2E594100DA75F9 /* MotoAppUITests.swift */; };
		C6B874282A2E594100DA75F9 /* MotoAppUITestsLaunchTests.swift in Sources */ = {isa = PBXBuildFile; fileRef = C6B874272A2E594100DA75F9 /* MotoAppUITestsLaunchTests.swift */; };
/* End PBXBuildFile section */

/* Begin PBXContainerItemProxy section */
		C6B874182A2E594100DA75F9 /* PBXContainerItemProxy */ = {
			isa = PBXContainerItemProxy;
			containerPortal = C6B873F92A2E593F00DA75F9 /* Project object */;
			proxyType = 1;
			remoteGlobalIDString = C6B874002A2E593F00DA75F9;
			remoteInfo = MotoApp;
		};
		C6B874222A2E594100DA75F9 /* PBXContainerItemProxy */ = {
			isa = PBXContainerItemProxy;
			containerPortal = C6B873F92A2E593F00DA75F9 /* Project object */;
			proxyType = 1;
			remoteGlobalIDString = C6B874002A2E593F00DA75F9;
			remoteInfo = MotoApp;
		};
/* End PBXContainerItemProxy section */

/* Begin PBXFileReference section */
		C6B874012A2E593F00DA75F9 /* MotoApp.app */ = {isa = PBXFileReference; explicitFileType = wrapper.application; includeInIndex = 0; path = MotoApp.app; sourceTree = BUILT_PRODUCTS_DIR; };
		C6B874042A2E593F00DA75F9 /* AppDelegate.swift */ = {isa = PBXFileReference; lastKnownFileType = sourcecode.swift; path = AppDelegate.swift; sourceTree = "<group>"; };
		C6B874062A2E593F00DA75F9 /* SceneDelegate.swift */ = {isa = PBXFileReference; lastKnownFileType = sourcecode.swift; path = SceneDelegate.swift; sourceTree = "<group>"; };
		C6B874082A2E593F00DA75F9 /* ViewController.swift */ = {isa = PBXFileReference; lastKnownFileType = sourcecode.swift; path = ViewController.swift; sourceTree = "<group>"; };
		C6B8740B2A2E593F00DA75F9 /* Base */ = {isa = PBXFileReference; lastKnownFileType = file.storyboard; name = Base; path = Base.lproj/Main.storyboard; sourceTree = "<group>"; };
		C6B8740D2A2E594100DA75F9 /* Assets.xcassets */ = {isa = PBXFileReference; lastKnownFileType = folder.assetcatalog; path = Assets.xcassets; sourceTree = "<group>"; };
		C6B874102A2E594100DA75F9 /* Base */ = {isa = PBXFileReference; lastKnownFileType = file.storyboard; name = Base; path = Base.lproj/LaunchScreen.storyboard; sourceTree = "<group>"; };
		C6B874122A2E594100DA75F9 /* Info.plist */ = {isa = PBXFileReference; lastKnownFileType = text.plist.xml; path = Info.plist; sourceTree = "<group>"; };
		C6B874172A2E594100DA75F9 /* MotoAppTests.xctest */ = {isa = PBXFileReference; explicitFileType = wrapper.cfbundle; includeInIndex = 0; path = MotoAppTests.xctest; sourceTree = BUILT_PRODUCTS_DIR; };
		C6B8741B2A2E594100DA75F9 /* MotoAppTests.swift */ = {isa = PBXFileReference; lastKnownFileType = sourcecode.swift; path = MotoAppTests.swift; sourceTree = "<group>"; };
		C6B874212A2E594100DA75F9 /* MotoAppUITests.xctest */ = {isa = PBXFileReference; explicitFileType = wrapper.cfbundle; includeInIndex = 0; path = MotoAppUITests.xctest; sourceTree = BUILT_PRODUCTS_DIR; };
		C6B874252A2E594100DA75F9 /* MotoAppUITests.swift */ = {isa = PBXFileReference; lastKnownFileType = sourcecode.swift; path = MotoAppUITests.swift; sourceTree = "<group>"; };
		C6B874272A2E594100DA75F9 /* MotoAppUITestsLaunchTests.swift */ = {isa = PBXFileReference; lastKnownFileType = sourcecode.swift; path = MotoAppUITestsLaunchTests.swift; sourceTree = "<group>"; };
/* End PBXFileReference section */

/* Begin PBXFrameworksBuildPhase section */
		C6B873FE2A2E593F00DA75F9 /* Frameworks */ = {
			isa = PBXFrameworksBuildPhase;
			buildActionMask = 2147483647;
			files = (
			);
			runOnlyForDeploymentPostprocessing = 0;
		};
		C6B874142A2E594100DA75F9 /* Frameworks */ = {
			isa = PBXFrameworksBuildPhase;
			buildActionMask = 2147483647;
			files = (
			);
			runOnlyForDeploymentPostprocessing = 0;
		};
		C6B8741E2A2E594100DA75F9 /* Frameworks */ = {
			isa = PBXFrameworksBuildPhase;
			buildActionMask = 2147483647;
			files = (
			);
			runOnlyForDeploymentPostprocessing = 0;
		};
/* End PBXFrameworksBuildPhase section */

/* Begin PBXGroup section */
		C6B873F82A2E593F00DA75F9 = {
			isa = PBXGroup;
			children = (
				C6B874032A2E593F00DA75F9 /* MotoApp */,
				C6B8741A2A2E594100DA75F9 /* MotoAppTests */,
				C6B874242A2E594100DA75F9 /* MotoAppUITests */,
				C6B874022A2E593F00DA75F9 /* Products */,
			);
			sourceTree = "<group>";
		};
		C6B874022A2E593F00DA75F9 /* Products */ = {
			isa = PBXGroup;
			children = (
				C6B874012A2E593F00DA75F9 /* MotoApp.app */,
				C6B874172A2E594100DA75F9 /* MotoAppTests.xctest */,
				C6B874212A2E594100DA75F9 /* MotoAppUITests.xctest */,
			);
			name = Products;
			sourceTree = "<group>";
		};
		C6B874032A2E593F00DA75F9 /* MotoApp */ = {
			isa = PBXGroup;
			children = (
				C6B874042A2E593F00DA75F9 /* AppDelegate.swift */,
				C6B874062A2E593F00DA75F9 /* SceneDelegate.swift */,
				C6B874082A2E593F00DA75F9 /* ViewController.swift */,
				C6B8740A2A2E593F00DA75F9 /* Main.storyboard */,
				C6B8740D2A2E594100DA75F9 /* Assets.xcassets */,
				C6B8740F2A2E594100DA75F9 /* LaunchScreen.storyboard */,
				C6B874122A2E594100DA75F9 /* Info.plist */,
			);
			path = MotoApp;
			sourceTree = "<group>";
		};
		C6B8741A2A2E594100DA75F9 /* MotoAppTests */ = {
			isa = PBXGroup;
			children = (
				C6B8741B2A2E594100DA75F9 /* MotoAppTests.swift */,
			);
			path = MotoAppTests;
			sourceTree = "<group>";
		};
		C6B874242A2E594100DA75F9 /* MotoAppUITests */ = {
			isa = PBXGroup;
			children = (
				C6B874252A2E594100DA75F9 /* MotoAppUITests.swift */,
				C6B874272A2E594100DA75F9 /* MotoAppUITestsLaunchTests.swift */,
			);
			path = MotoAppUITests;
			sourceTree = "<group>";
		};
/* End PBXGroup section */

/* Begin PBXNativeTarget section */
		C6B874002A2E593F00DA75F9 /* MotoApp */ = {
			isa = PBXNativeTarget;
			buildConfigurationList = C6B8742B2A2E594100DA75F9 /* Build configuration list for PBXNativeTarget "MotoApp" */;
			buildPhases = (
				C6B873FD2A2E593F00DA75F9 /* Sources */,
				C6B873FE2A2E593F00DA75F9 /* Frameworks */,
				C6B873FF2A2E593F00DA75F9 /* Resources */,
			);
			buildRules = (
			);
			dependencies = (
			);
			name = MotoApp;
			productName = MotoApp;
			productReference = C6B874012A2E593F00DA75F9 /* MotoApp.app */;
			productType = "com.apple.product-type.application";
		};
		C6B874162A2E594100DA75F9 /* MotoAppTests */ = {
			isa = PBXNativeTarget;
			buildConfigurationList = C6B8742E2A2E594100DA75F9 /* Build configuration list for PBXNativeTarget "MotoAppTests" */;
			buildPhases = (
				C6B874132A2E594100DA75F9 /* Sources */,
				C6B874142A2E594100DA75F9 /* Frameworks */,
				C6B874152A2E594100DA75F9 /* Resources */,
			);
			buildRules = (
			);
			dependencies = (
				C6B874192A2E594100DA75F9 /* PBXTargetDependency */,
			);
			name = MotoAppTests;
			productName = MotoAppTests;
			productReference = C6B874172A2E594100DA75F9 /* MotoAppTests.xctest */;
			productType = "com.apple.product-type.bundle.unit-test";
		};
		C6B874202A2E594100DA75F9 /* MotoAppUITests */ = {
			isa = PBXNativeTarget;
			buildConfigurationList = C6B874312A2E594100DA75F9 /* Build configuration list for PBXNativeTarget "MotoAppUITests" */;
			buildPhases = (
				C6B8741D2A2E594100DA75F9 /* Sources */,
				C6B8741E2A2E594100DA75F9 /* Frameworks */,
				C6B8741F2A2E594100DA75F9 /* Resources */,
			);
			buildRules = (
			);
			dependencies = (
				C6B874232A2E594100DA75F9 /* PBXTargetDependency */,
			);
			name = MotoAppUITests;
			productName = MotoAppUITests;
			productReference = C6B874212A2E594100DA75F9 /* MotoAppUITests.xctest */;
			productType = "com.apple.product-type.bundle.ui-testing";
		};
/* End PBXNativeTarget section */

/* Begin PBXProject section */
		C6B873F92A2E593F00DA75F9 /* Project object */ = {
			isa = PBXProject;
			attributes = {
				BuildIndependentTargetsInParallel = 1;
				LastSwiftUpdateCheck = 1430;
				LastUpgradeCheck = 1430;
				TargetAttributes = {
					C6B874002A2E593F00DA75F9 = {
						CreatedOnToolsVersion = 14.3.1;
					};
					C6B874162A2E594100DA75F9 = {
						CreatedOnToolsVersion = 14.3.1;
						TestTargetID = C6B874002A2E593F00DA75F9;
					};
					C6B874202A2E594100DA75F9 = {
						CreatedOnToolsVersion = 14.3.1;
						TestTargetID = C6B874002A2E593F00DA75F9;
					};
				};
			};
			buildConfigurationList = C6B873FC2A2E593F00DA75F9 /* Build configuration list for PBXProject "MotoApp" */;
			compatibilityVersion = "Xcode 14.0";
			developmentRegion = en;
			hasScannedForEncodings = 0;
			knownRegions = (
				en,
				Base,
			);
			mainGroup = C6B873F82A2E593F00DA75F9;
			productRefGroup = C6B874022A2E593F00DA75F9 /* Products */;
			projectDirPath = "";
			projectRoot = "";
			targets = (
				C6B874002A2E593F00DA75F9 /* MotoApp */,
				C6B874162A2E594100DA75F9 /* MotoAppTests */,
				C6B874202A2E594100DA75F9 /* MotoAppUITests */,
			);
		};
/* End PBXProject section */

/* Begin PBXResourcesBuildPhase section */
		C6B873FF2A2E593F00DA75F9 /* Resources */ = {
			isa = PBXResourcesBuildPhase;
			buildActionMask = 2147483647;
			files = (
				C6B874112A2E594100DA75F9 /* LaunchScreen.storyboard in Resources */,
				C6B8740E2A2E594100DA75F9 /* Assets.xcassets in Resources */,
				C6B8740C2A2E593F00DA75F9 /* Main.storyboard in Resources */,
			);
			runOnlyForDeploymentPostprocessing = 0;
		};
		C6B874152A2E594100DA75F9 /* Resources */ = {
			isa = PBXResourcesBuildPhase;
			buildActionMask = 2147483647;
			files = (
			);
			runOnlyForDeploymentPostprocessing = 0;
		};
		C6B8741F2A2E594100DA75F9 /* Resources */ = {
			isa = PBXResourcesBuildPhase;
			buildActionMask = 2147483647;
			files = (
			);
			runOnlyForDeploymentPostprocessing = 0;
		};
/* End PBXResourcesBuildPhase section */

/* Begin PBXSourcesBuildPhase section */
		C6B873FD2A2E593F00DA75F9 /* Sources */ = {
			isa = PBXSourcesBuildPhase;
			buildActionMask = 2147483647;
			files = (
				C6B874092A2E593F00DA75F9 /* ViewController.swift in Sources */,
				C6B874052A2E593F00DA75F9 /* AppDelegate.swift in Sources */,
				C6B874072A2E593F00DA75F9 /* SceneDelegate.swift in Sources */,
			);
			runOnlyForDeploymentPostprocessing = 0;
		};
		C6B874132A2E594100DA75F9 /* Sources */ = {
			isa = PBXSourcesBuildPhase;
			buildActionMask = 2147483647;
			files = (
				C6B8741C2A2E594100DA75F9 /* MotoAppTests.swift in Sources */,
			);
			runOnlyForDeploymentPostprocessing = 0;
		};
		C6B8741D2A2E594100DA75F9 /* Sources */ = {
			isa = PBXSourcesBuildPhase;
			buildActionMask = 2147483647;
			files = (
				C6B874262A2E594100DA75F9 /* MotoAppUITests.swift in Sources */,
				C6B874282A2E594100DA75F9 /* MotoAppUITestsLaunchTests.swift in Sources */,
			);
			runOnlyForDeploymentPostprocessing = 0;
		};
/* End PBXSourcesBuildPhase section */

/* Begin PBXTargetDependency section */
		C6B874192A2E594100DA75F9 /* PBXTargetDependency */ = {
			isa = PBXTargetDependency;
			target = C6B874002A2E593F00DA75F9 /* MotoApp */;
			targetProxy = C6B874182A2E594100DA75F9 /* PBXContainerItemProxy */;
		};
		C6B874232A2E594100DA75F9 /* PBXTargetDependency */ = {
			isa = PBXTargetDependency;
			target = C6B874002A2E593F00DA75F9 /* MotoApp */;
			targetProxy = C6B874222A2E594100DA75F9 /* PBXContainerItemProxy */;
		};
/* End PBXTargetDependency section */

/* Begin PBXVariantGroup section */
		C6B8740A2A2E593F00DA75F9 /* Main.storyboard */ = {
			isa = PBXVariantGroup;
			children = (
				C6B8740B2A2E593F00DA75F9 /* Base */,
			);
			name = Main.storyboard;
			sourceTree = "<group>";
		};
		C6B8740F2A2E594100DA75F9 /* LaunchScreen.storyboard */ = {
			isa = PBXVariantGroup;
			children = (
				C6B874102A2E594100DA75F9 /* Base */,
			);
			name = LaunchScreen.storyboard;
			sourceTree = "<group>";
		};
/* End PBXVariantGroup section */

/* Begin XCBuildConfiguration section */
		C6B874292A2E594100DA75F9 /* Debug */ = {
			isa = XCBuildConfiguration;
			buildSettings = {
				ALWAYS_SEARCH_USER_PATHS = NO;
				CLANG_ANALYZER_NONNULL = YES;
				CLANG_ANALYZER_NUMBER_OBJECT_CONVERSION = YES_AGGRESSIVE;
				CLANG_CXX_LANGUAGE_STANDARD = "gnu++20";
				CLANG_ENABLE_MODULES = YES;
				CLANG_ENABLE_OBJC_ARC = YES;
				CLANG_ENABLE_OBJC_WEAK = YES;
				CLANG_WARN_BLOCK_CAPTURE_AUTORELEASING = YES;
				CLANG_WARN_BOOL_CONVERSION = YES;
				CLANG_WARN_COMMA = YES;
				CLANG_WARN_CONSTANT_CONVERSION = YES;
				CLANG_WARN_DEPRECATED_OBJC_IMPLEMENTATIONS = YES;
				CLANG_WARN_DIRECT_OBJC_ISA_USAGE = YES_ERROR;
				CLANG_WARN_DOCUMENTATION_COMMENTS = YES;
				CLANG_WARN_EMPTY_BODY = YES;
				CLANG_WARN_ENUM_CONVERSION = YES;
				CLANG_WARN_INFINITE_RECURSION = YES;
				CLANG_WARN_INT_CONVERSION = YES;
				CLANG_WARN_NON_LITERAL_NULL_CONVERSION = YES;
				CLANG_WARN_OBJC_IMPLICIT_RETAIN_SELF = YES;
				CLANG_WARN_OBJC_LITERAL_CONVERSION = YES;
				CLANG_WARN_OBJC_ROOT_CLASS = YES_ERROR;
				CLANG_WARN_QUOTED_INCLUDE_IN_FRAMEWORK_HEADER = YES;
				CLANG_WARN_RANGE_LOOP_ANALYSIS = YES;
				CLANG_WARN_STRICT_PROTOTYPES = YES;
				CLANG_WARN_SUSPICIOUS_MOVE = YES;
				CLANG_WARN_UNGUARDED_AVAILABILITY = YES_AGGRESSIVE;
				CLANG_WARN_UNREACHABLE_CODE = YES;
				CLANG_WARN__DUPLICATE_METHOD_MATCH = YES;
				COPY_PHASE_STRIP = NO;
				DEBUG_INFORMATION_FORMAT = dwarf;
				ENABLE_STRICT_OBJC_MSGSEND = YES;
				ENABLE_TESTABILITY = YES;
				GCC_C_LANGUAGE_STANDARD = gnu11;
				GCC_DYNAMIC_NO_PIC = NO;
				GCC_NO_COMMON_BLOCKS = YES;
				GCC_OPTIMIZATION_LEVEL = 0;
				GCC_PREPROCESSOR_DEFINITIONS = (
					"DEBUG=1",
					"$(inherited)",
				);
				GCC_WARN_64_TO_32_BIT_CONVERSION = YES;
				GCC_WARN_ABOUT_RETURN_TYPE = YES_ERROR;
				GCC_WARN_UNDECLARED_SELECTOR = YES;
				GCC_WARN_UNINITIALIZED_AUTOS = YES_AGGRESSIVE;
				GCC_WARN_UNUSED_FUNCTION = YES;
				GCC_WARN_UNUSED_VARIABLE = YES;
				IPHONEOS_DEPLOYMENT_TARGET = 16.4;
				MTL_ENABLE_DEBUG_INFO = INCLUDE_SOURCE;
				MTL_FAST_MATH = YES;
				ONLY_ACTIVE_ARCH = YES;
				SDKROOT = iphoneos;
				SWIFT_ACTIVE_COMPILATION_CONDITIONS = DEBUG;
				SWIFT_OPTIMIZATION_LEVEL = "-Onone";
			};
			name = Debug;
		};
		C6B8742A2A2E594100DA75F9 /* Release */ = {
			isa = XCBuildConfiguration;
			buildSettings = {
				ALWAYS_SEARCH_USER_PATHS = NO;
				CLANG_ANALYZER_NONNULL = YES;
				CLANG_ANALYZER_NUMBER_OBJECT_CONVERSION = YES_AGGRESSIVE;
				CLANG_CXX_LANGUAGE_STANDARD = "gnu++20";
				CLANG_ENABLE_MODULES = YES;
				CLANG_ENABLE_OBJC_ARC = YES;
				CLANG_ENABLE_OBJC_WEAK = YES;
				CLANG_WARN_BLOCK_CAPTURE_AUTORELEASING = YES;
				CLANG_WARN_BOOL_CONVERSION = YES;
				CLANG_WARN_COMMA = YES;
				CLANG_WARN_CONSTANT_CONVERSION = YES;
				CLANG_WARN_DEPRECATED_OBJC_IMPLEMENTATIONS = YES;
				CLANG_WARN_DIRECT_OBJC_ISA_USAGE = YES_ERROR;
				CLANG_WARN_DOCUMENTATION_COMMENTS = YES;
				CLANG_WARN_EMPTY_BODY = YES;
				CLANG_WARN_ENUM_CONVERSION = YES;
				CLANG_WARN_INFINITE_RECURSION = YES;
				CLANG_WARN_INT_CONVERSION = YES;
				CLANG_WARN_NON_LITERAL_NULL_CONVERSION = YES;
				CLANG_WARN_OBJC_IMPLICIT_RETAIN_SELF = YES;
				CLANG_WARN_OBJC_LITERAL_CONVERSION = YES;
				CLANG_WARN_OBJC_ROOT_CLASS = YES_ERROR;
				CLANG_WARN_QUOTED_INCLUDE_IN_FRAMEWORK_HEADER = YES;
				CLANG_WARN_RANGE_LOOP_ANALYSIS = YES;
				CLANG_WARN_STRICT_PROTOTYPES = YES;
				CLANG_WARN_SUSPICIOUS_MOVE = YES;
				CLANG_WARN_UNGUARDED_AVAILABILITY = YES_AGGRESSIVE;
				CLANG_WARN_UNREACHABLE_CODE = YES;
				CLANG_WARN__DUPLICATE_METHOD_MATCH = YES;
				COPY_PHASE_STRIP = NO;
				DEBUG_INFORMATION_FORMAT = "dwarf-with-dsym";
				ENABLE_NS_ASSERTIONS = NO;
				ENABLE_STRICT_OBJC_MSGSEND = YES;
				GCC_C_LANGUAGE_STANDARD = gnu11;
				GCC_NO_COMMON_BLOCKS = YES;
				GCC_WARN_64_TO_32_BIT_CONVERSION = YES;
				GCC_WARN_ABOUT_RETURN_TYPE = YES_ERROR;
				GCC_WARN_UNDECLARED_SELECTOR = YES;
				GCC_WARN_UNINITIALIZED_AUTOS = YES_AGGRESSIVE;
				GCC_WARN_UNUSED_FUNCTION = YES;
				GCC_WARN_UNUSED_VARIABLE = YES;
				IPHONEOS_DEPLOYMENT_TARGET = 16.4;
				MTL_ENABLE_DEBUG_INFO = NO;
				MTL_FAST_MATH = YES;
				SDKROOT = iphoneos;
				SWIFT_COMPILATION_MODE = wholemodule;
				SWIFT_OPTIMIZATION_LEVEL = "-O";
				VALIDATE_PRODUCT = YES;
			};
			name = Release;
		};
		C6B8742C2A2E594100DA75F9 /* Debug */ = {
			isa = XCBuildConfiguration;
			buildSettings = {
				ASSETCATALOG_COMPILER_APPICON_NAME = AppIcon;
				ASSETCATALOG_COMPILER_GLOBAL_ACCENT_COLOR_NAME = AccentColor;
				CODE_SIGN_STYLE = Automatic;
				CURRENT_PROJECT_VERSION = 1;
				DEVELOPMENT_TEAM = 4Q6XKDMNY3;
				GENERATE_INFOPLIST_FILE = YES;
				INFOPLIST_FILE = MotoApp/Info.plist;
				INFOPLIST_KEY_UIApplicationSupportsIndirectInputEvents = YES;
				INFOPLIST_KEY_UILaunchStoryboardName = LaunchScreen;
				INFOPLIST_KEY_UIMainStoryboardFile = Main;
				INFOPLIST_KEY_UISupportedInterfaceOrientations = UIInterfaceOrientationPortrait;
				INFOPLIST_KEY_UISupportedInterfaceOrientations_iPad = "UIInterfaceOrientationLandscapeLeft UIInterfaceOrientationLandscapeRight UIInterfaceOrientationPortrait UIInterfaceOrientationPortraitUpsideDown";
				LD_RUNPATH_SEARCH_PATHS = (
					"$(inherited)",
					"@executable_path/Frameworks",
				);
				MARKETING_VERSION = 1.0;
				PRODUCT_BUNDLE_IDENTIFIER = arnalg.MotoApp;
				PRODUCT_NAME = "$(TARGET_NAME)";
				SWIFT_EMIT_LOC_STRINGS = YES;
				SWIFT_VERSION = 5.0;
				TARGETED_DEVICE_FAMILY = "1,2";
			};
			name = Debug;
		};
		C6B8742D2A2E594100DA75F9 /* Release */ = {
			isa = XCBuildConfiguration;
			buildSettings = {
				ASSETCATALOG_COMPILER_APPICON_NAME = AppIcon;
				ASSETCATALOG_COMPILER_GLOBAL_ACCENT_COLOR_NAME = AccentColor;
				CODE_SIGN_STYLE = Automatic;
				CURRENT_PROJECT_VERSION = 1;
				DEVELOPMENT_TEAM = 4Q6XKDMNY3;
				GENERATE_INFOPLIST_FILE = YES;
				INFOPLIST_FILE = MotoApp/Info.plist;
				INFOPLIST_KEY_UIApplicationSupportsIndirectInputEvents = YES;
				INFOPLIST_KEY_UILaunchStoryboardName = LaunchScreen;
				INFOPLIST_KEY_UIMainStoryboardFile = Main;
				INFOPLIST_KEY_UISupportedInterfaceOrientations = UIInterfaceOrientationPortrait;
				INFOPLIST_KEY_UISupportedInterfaceOrientations_iPad = "UIInterfaceOrientationLandscapeLeft UIInterfaceOrientationLandscapeRight UIInterfaceOrientationPortrait UIInterfaceOrientationPortraitUpsideDown";
				LD_RUNPATH_SEARCH_PATHS = (
					"$(inherited)",
					"@executable_path/Frameworks",
				);
				MARKETING_VERSION = 1.0;
				PRODUCT_BUNDLE_IDENTIFIER = arnalg.MotoApp;
				PRODUCT_NAME = "$(TARGET_NAME)";
				SWIFT_EMIT_LOC_STRINGS = YES;
				SWIFT_VERSION = 5.0;
				TARGETED_DEVICE_FAMILY = "1,2";
			};
			name = Release;
		};
		C6B8742F2A2E594100DA75F9 /* Debug */ = {
			isa = XCBuildConfiguration;
			buildSettings = {
				ALWAYS_EMBED_SWIFT_STANDARD_LIBRARIES = YES;
				BUNDLE_LOADER = "$(TEST_HOST)";
				CODE_SIGN_STYLE = Automatic;
				CURRENT_PROJECT_VERSION = 1;
				DEVELOPMENT_TEAM = 4Q6XKDMNY3;
				GENERATE_INFOPLIST_FILE = YES;
				IPHONEOS_DEPLOYMENT_TARGET = 16.4;
				MARKETING_VERSION = 1.0;
				PRODUCT_BUNDLE_IDENTIFIER = arnalg.MotoAppTests;
				PRODUCT_NAME = "$(TARGET_NAME)";
				SWIFT_EMIT_LOC_STRINGS = NO;
				SWIFT_VERSION = 5.0;
				TARGETED_DEVICE_FAMILY = "1,2";
				TEST_HOST = "$(BUILT_PRODUCTS_DIR)/MotoApp.app/$(BUNDLE_EXECUTABLE_FOLDER_PATH)/MotoApp";
			};
			name = Debug;
		};
		C6B874302A2E594100DA75F9 /* Release */ = {
			isa = XCBuildConfiguration;
			buildSettings = {
				ALWAYS_EMBED_SWIFT_STANDARD_LIBRARIES = YES;
				BUNDLE_LOADER = "$(TEST_HOST)";
				CODE_SIGN_STYLE = Automatic;
				CURRENT_PROJECT_VERSION = 1;
				DEVELOPMENT_TEAM = 4Q6XKDMNY3;
				GENERATE_INFOPLIST_FILE = YES;
				IPHONEOS_DEPLOYMENT_TARGET = 16.4;
				MARKETING_VERSION = 1.0;
				PRODUCT_BUNDLE_IDENTIFIER = arnalg.MotoAppTests;
				PRODUCT_NAME = "$(TARGET_NAME)";
				SWIFT_EMIT_LOC_STRINGS = NO;
				SWIFT_VERSION = 5.0;
				TARGETED_DEVICE_FAMILY = "1,2";
				TEST_HOST = "$(BUILT_PRODUCTS_DIR)/MotoApp.app/$(BUNDLE_EXECUTABLE_FOLDER_PATH)/MotoApp";
			};
			name = Release;
		};
		C6B874322A2E594100DA75F9 /* Debug */ = {
			isa = XCBuildConfiguration;
			buildSettings = {
				ALWAYS_EMBED_SWIFT_STANDARD_LIBRARIES = YES;
				CODE_SIGN_STYLE = Automatic;
				CURRENT_PROJECT_VERSION = 1;
				DEVELOPMENT_TEAM = 4Q6XKDMNY3;
				GENERATE_INFOPLIST_FILE = YES;
				MARKETING_VERSION = 1.0;
				PRODUCT_BUNDLE_IDENTIFIER = arnalg.MotoAppUITests;
				PRODUCT_NAME = "$(TARGET_NAME)";
				SWIFT_EMIT_LOC_STRINGS = NO;
				SWIFT_VERSION = 5.0;
				TARGETED_DEVICE_FAMILY = "1,2";
				TEST_TARGET_NAME = MotoApp;
			};
			name = Debug;
		};
		C6B874332A2E594100DA75F9 /* Release */ = {
			isa = XCBuildConfiguration;
			buildSettings = {
				ALWAYS_EMBED_SWIFT_STANDARD_LIBRARIES = YES;
				CODE_SIGN_STYLE = Automatic;
				CURRENT_PROJECT_VERSION = 1;
				DEVELOPMENT_TEAM = 4Q6XKDMNY3;
				GENERATE_INFOPLIST_FILE = YES;
				MARKETING_VERSION = 1.0;
				PRODUCT_BUNDLE_IDENTIFIER = arnalg.MotoAppUITests;
				PRODUCT_NAME = "$(TARGET_NAME)";
				SWIFT_EMIT_LOC_STRINGS = NO;
				SWIFT_VERSION = 5.0;
				TARGETED_DEVICE_FAMILY = "1,2";
				TEST_TARGET_NAME = MotoApp;
			};
			name = Release;
		};
/* End XCBuildConfiguration section */

/* Begin XCConfigurationList section */
		C6B873FC2A2E593F00DA75F9 /* Build configuration list for PBXProject "MotoApp" */ = {
			isa = XCConfigurationList;
			buildConfigurations = (
				C6B874292A2E594100DA75F9 /* Debug */,
				C6B8742A2A2E594100DA75F9 /* Release */,
			);
			defaultConfigurationIsVisible = 0;
			defaultConfigurationName = Release;
		};
		C6B8742B2A2E594100DA75F9 /* Build configuration list for PBXNativeTarget "MotoApp" */ = {
			isa = XCConfigurationList;
			buildConfigurations = (
				C6B8742C2A2E594100DA75F9 /* Debug */,
				C6B8742D2A2E594100DA75F9 /* Release */,
			);
			defaultConfigurationIsVisible = 0;
			defaultConfigurationName = Release;
		};
		C6B8742E2A2E594100DA75F9 /* Build configuration list for PBXNativeTarget "MotoAppTests" */ = {
			isa = XCConfigurationList;
			buildConfigurations = (
				C6B8742F2A2E594100DA75F9 /* Debug */,
				C6B874302A2E594100DA75F9 /* Release */,
			);
			defaultConfigurationIsVisible = 0;
			defaultConfigurationName = Release;
		};
		C6B874312A2E594100DA75F9 /* Build configuration list for PBXNativeTarget "MotoAppUITests" */ = {
			isa = XCConfigurationList;
			buildConfigurations = (
				C6B874322A2E594100DA75F9 /* Debug */,
				C6B874332A2E594100DA75F9 /* Release */,
			);
			defaultConfigurationIsVisible = 0;
			defaultConfigurationName = Release;
		};
/* End XCConfigurationList section */
	};
	rootObject = C6B873F92A2E593F00DA75F9 /* Project object */;
}
